{
  "version": 4,
  "terraform_version": "1.5.6",
  "serial": 53,
  "lineage": "e9125bac-8080-cf2a-5df1-46c0c1d5692d",
  "outputs": {
    "dns_endpoint": {
      "value": "http://awseb-e-y-AWSEBLoa-1AB5332PJX83P-180139718.us-east-1.elb.amazonaws.com/",
      "type": "string"
    }
  },
  "resources": [
    {
      "mode": "data",
      "type": "aws_subnets",
      "name": "default_subs",
      "provider": "provider[\"registry.terraform.io/hashicorp/aws\"]",
      "instances": [
        {
          "schema_version": 0,
          "attributes": {
            "filter": [
              {
                "name": "vpc-id",
                "values": [
                  "vpc-05fe7904eabf32ab5"
                ]
              }
            ],
            "id": "us-east-1",
            "ids": [
              "subnet-06f1e4e4ed1d57249",
              "subnet-0e521d5c94468fd62",
              "subnet-0f35f5f760cf8551a",
              "subnet-087e822c26f0c6421",
              "subnet-005b02b67882b20e2",
              "subnet-05d8690134c87075a"
            ],
            "tags": null
          },
          "sensitive_attributes": []
        }
      ]
    },
    {
      "mode": "managed",
      "type": "aws_default_vpc",
      "name": "default",
      "provider": "provider[\"registry.terraform.io/hashicorp/aws\"]",
      "instances": [
        {
          "schema_version": 1,
          "attributes": {
            "arn": "arn:aws:ec2:us-east-1:048556301196:vpc/vpc-05fe7904eabf32ab5",
            "assign_generated_ipv6_cidr_block": false,
            "cidr_block": "172.31.0.0/16",
            "default_network_acl_id": "acl-0c15cd2f41ea29d5a",
            "default_route_table_id": "rtb-01e05fde4e8fc5e5b",
            "default_security_group_id": "sg-0b1f6488e79722d5d",
            "dhcp_options_id": "dopt-0ab46aa157b7ebec3",
            "enable_classiclink": false,
            "enable_classiclink_dns_support": false,
            "enable_dns_hostnames": true,
            "enable_dns_support": true,
            "id": "vpc-05fe7904eabf32ab5",
            "instance_tenancy": "default",
            "ipv4_ipam_pool_id": null,
            "ipv4_netmask_length": null,
            "ipv6_association_id": "",
            "ipv6_cidr_block": "",
            "ipv6_cidr_block_network_border_group": "",
            "ipv6_ipam_pool_id": "",
            "ipv6_netmask_length": 0,
            "main_route_table_id": "rtb-01e05fde4e8fc5e5b",
            "owner_id": "048556301196",
            "tags": {
              "Name": "Demo VPC"
            },
            "tags_all": {
              "Name": "Demo VPC"
            }
          },
          "sensitive_attributes": [],
          "private": "eyJzY2hlbWFfdmVyc2lvbiI6IjEifQ=="
        }
      ]
    },
    {
      "mode": "managed",
      "type": "aws_elastic_beanstalk_application",
      "name": "demo_ebapp1",
      "provider": "provider[\"registry.terraform.io/hashicorp/aws\"]",
      "instances": [
        {
          "schema_version": 0,
          "attributes": {
            "appversion_lifecycle": [
              {
                "delete_source_from_s3": true,
                "max_age_in_days": 0,
                "max_count": 128,
                "service_role": "arn:aws:iam::048556301196:role/elastic_beanstalk_ec2_role_demo"
              }
            ],
            "arn": "arn:aws:elasticbeanstalk:us-east-1:048556301196:application/Ebapp1_demo",
            "description": "Elastic Beanstalk application with PHP through terraform ",
            "id": "Ebapp1_demo",
            "name": "Ebapp1_demo",
            "tags": null,
            "tags_all": {}
          },
          "sensitive_attributes": [],
          "private": "bnVsbA==",
          "dependencies": [
            "aws_iam_role.elastic_beanstalk_ec2_role"
          ]
        }
      ]
    },
    {
      "mode": "managed",
      "type": "aws_elastic_beanstalk_application_version",
      "name": "default",
      "provider": "provider[\"registry.terraform.io/hashicorp/aws\"]",
      "instances": [
        {
          "schema_version": 0,
          "attributes": {
            "application": "Ebapp1_demo",
            "arn": "arn:aws:elasticbeanstalk:us-east-1:048556301196:applicationversion/Ebapp1_demo/1.0",
            "bucket": "ebapp1prodbucket25",
            "description": "application version created by terraform",
            "force_delete": false,
            "id": "1.0",
            "key": "beanstalk/php-webapp.zip",
            "name": "1.0",
            "tags": null,
            "tags_all": {}
          },
          "sensitive_attributes": [],
          "private": "bnVsbA==",
          "dependencies": [
            "aws_s3_bucket.default",
            "aws_s3_bucket_object.default"
          ]
        }
      ]
    },
    {
      "mode": "managed",
      "type": "aws_elastic_beanstalk_configuration_template",
      "name": "tf_template",
      "provider": "provider[\"registry.terraform.io/hashicorp/aws\"]",
      "instances": [
        {
          "schema_version": 0,
          "attributes": {
            "application": "Ebapp1_demo",
            "description": "",
            "environment_id": null,
            "id": "tf-prod-template-config",
            "name": "tf-prod-template-config",
            "setting": [
              {
                "name": "EC2KeyName",
                "namespace": "aws:autoscaling:launchconfiguration",
                "resource": "",
                "value": "LinuxVM"
              },
              {
                "name": "EnvironmentType",
                "namespace": "aws:elasticbeanstalk:environment",
                "resource": "",
                "value": "LoadBalanced"
              },
              {
                "name": "IamInstanceProfile",
                "namespace": "aws:autoscaling:launchconfiguration",
                "resource": "",
                "value": "arn:aws:iam::048556301196:instance-profile/prod_profile"
              },
              {
                "name": "InstanceTypes",
                "namespace": "aws:ec2:instances",
                "resource": "",
                "value": "t2.micro"
              },
              {
                "name": "MaxSize",
                "namespace": "aws:autoscaling:asg",
                "resource": "",
                "value": "2"
              },
              {
                "name": "MinSize",
                "namespace": "aws:autoscaling:asg",
                "resource": "",
                "value": "1"
              },
              {
                "name": "SecurityGroups",
                "namespace": "aws:autoscaling:launchconfiguration",
                "resource": "",
                "value": "sg-0799ddb8b3f417d96"
              },
              {
                "name": "Subnets",
                "namespace": "aws:ec2:vpc",
                "resource": "",
                "value": "subnet-06f1e4e4ed1d57249,subnet-0e521d5c94468fd62,subnet-0f35f5f760cf8551a,subnet-087e822c26f0c6421,subnet-005b02b67882b20e2,subnet-05d8690134c87075a"
              },
              {
                "name": "SupportedArchitectures",
                "namespace": "aws:ec2:instances",
                "resource": "",
                "value": "x86_64"
              },
              {
                "name": "VPCId",
                "namespace": "aws:ec2:vpc",
                "resource": "",
                "value": "vpc-05fe7904eabf32ab5"
              }
            ],
            "solution_stack_name": "64bit Amazon Linux 2023 v4.0.1 running PHP 8.2"
          },
          "sensitive_attributes": [],
          "private": "bnVsbA==",
          "dependencies": [
            "aws_default_vpc.default",
            "aws_elastic_beanstalk_application.demo_ebapp1",
            "aws_iam_instance_profile.elastic_beanstalk_ec2_profile",
            "aws_iam_role.elastic_beanstalk_ec2_role",
            "aws_key_pair.kp",
            "aws_security_group.ingress-all-test",
            "data.aws_subnets.default_subs",
            "tls_private_key.pk"
          ]
        }
      ]
    },
    {
      "mode": "managed",
      "type": "aws_elastic_beanstalk_environment",
      "name": "tfenvprod",
      "provider": "provider[\"registry.terraform.io/hashicorp/aws\"]",
      "instances": [
        {
          "schema_version": 1,
          "attributes": {
            "all_settings": [
              {
                "name": "AppSource",
                "namespace": "aws:cloudformation:template:parameter",
                "resource": "",
                "value": "https://elasticbeanstalk-platform-assets-us-east-1.s3.amazonaws.com/stalks/eb_php82_amazon_linux_2023_1.0.129.0_20230826023402/sampleapp/EBSampleApp-PHP.zip"
              },
              {
                "name": "Application Healthcheck URL",
                "namespace": "aws:elasticbeanstalk:application",
                "resource": "",
                "value": ""
              },
              {
                "name": "AssociatePublicIpAddress",
                "namespace": "aws:ec2:vpc",
                "resource": "",
                "value": "false"
              },
              {
                "name": "Automatically Terminate Unhealthy Instances",
                "namespace": "aws:elasticbeanstalk:monitoring",
                "resource": "",
                "value": "true"
              },
              {
                "name": "Availability Zones",
                "namespace": "aws:autoscaling:asg",
                "resource": "",
                "value": "Any"
              },
              {
                "name": "BatchSize",
                "namespace": "aws:elasticbeanstalk:command",
                "resource": "",
                "value": "100"
              },
              {
                "name": "BatchSizeType",
                "namespace": "aws:elasticbeanstalk:command",
                "resource": "",
                "value": "Percentage"
              },
              {
                "name": "BlockDeviceMappings",
                "namespace": "aws:autoscaling:launchconfiguration",
                "resource": "",
                "value": ""
              },
              {
                "name": "BreachDuration",
                "namespace": "aws:autoscaling:trigger",
                "resource": "",
                "value": "5"
              },
              {
                "name": "ConfigDocument",
                "namespace": "aws:elasticbeanstalk:healthreporting:system",
                "resource": "",
                "value": "{\"Version\":1,\"CloudWatchMetrics\":{\"Instance\":{\"CPUIrq\":null,\"LoadAverage5min\":null,\"ApplicationRequests5xx\":null,\"ApplicationRequests4xx\":null,\"CPUUser\":null,\"LoadAverage1min\":null,\"ApplicationLatencyP50\":null,\"CPUIdle\":null,\"InstanceHealth\":null,\"ApplicationLatencyP95\":null,\"ApplicationLatencyP85\":null,\"RootFilesystemUtil\":null,\"ApplicationLatencyP90\":null,\"CPUSystem\":null,\"ApplicationLatencyP75\":null,\"CPUSoftirq\":null,\"ApplicationLatencyP10\":null,\"ApplicationLatencyP99\":null,\"ApplicationRequestsTotal\":null,\"ApplicationLatencyP99.9\":null,\"ApplicationRequests3xx\":null,\"ApplicationRequests2xx\":null,\"CPUIowait\":null,\"CPUNice\":null},\"Environment\":{\"InstancesSevere\":null,\"InstancesDegraded\":null,\"ApplicationRequests5xx\":null,\"ApplicationRequests4xx\":null,\"ApplicationLatencyP50\":null,\"ApplicationLatencyP95\":null,\"ApplicationLatencyP85\":null,\"InstancesUnknown\":null,\"ApplicationLatencyP90\":null,\"InstancesInfo\":null,\"InstancesPending\":null,\"ApplicationLatencyP75\":null,\"ApplicationLatencyP10\":null,\"ApplicationLatencyP99\":null,\"ApplicationRequestsTotal\":null,\"InstancesNoData\":null,\"ApplicationLatencyP99.9\":null,\"ApplicationRequests3xx\":null,\"ApplicationRequests2xx\":null,\"InstancesOk\":null,\"InstancesWarning\":null}}}"
              },
              {
                "name": "ConnectionDrainingEnabled",
                "namespace": "aws:elb:policies",
                "resource": "",
                "value": "false"
              },
              {
                "name": "ConnectionDrainingTimeout",
                "namespace": "aws:elb:policies",
                "resource": "",
                "value": "20"
              },
              {
                "name": "ConnectionSettingIdleTimeout",
                "namespace": "aws:elb:policies",
                "resource": "",
                "value": "60"
              },
              {
                "name": "Cooldown",
                "namespace": "aws:autoscaling:asg",
                "resource": "",
                "value": "360"
              },
              {
                "name": "CrossZone",
                "namespace": "aws:elb:loadbalancer",
                "resource": "",
                "value": "false"
              },
              {
                "name": "Custom Availability Zones",
                "namespace": "aws:autoscaling:asg",
                "resource": "",
                "value": ""
              },
              {
                "name": "DefaultSSHPort",
                "namespace": "aws:elasticbeanstalk:control",
                "resource": "",
                "value": "22"
              },
              {
                "name": "DeleteOnTerminate",
                "namespace": "aws:elasticbeanstalk:cloudwatch:logs",
                "resource": "",
                "value": "false"
              },
              {
                "name": "DeleteOnTerminate",
                "namespace": "aws:elasticbeanstalk:cloudwatch:logs:health",
                "resource": "",
                "value": "false"
              },
              {
                "name": "DeploymentPolicy",
                "namespace": "aws:elasticbeanstalk:command",
                "resource": "",
                "value": "AllAtOnce"
              },
              {
                "name": "DisableIMDSv1",
                "namespace": "aws:autoscaling:launchconfiguration",
                "resource": "",
                "value": "true"
              },
              {
                "name": "EC2KeyName",
                "namespace": "aws:autoscaling:launchconfiguration",
                "resource": "",
                "value": "LinuxVM"
              },
              {
                "name": "ELBScheme",
                "namespace": "aws:ec2:vpc",
                "resource": "",
                "value": "public"
              },
              {
                "name": "ELBSubnets",
                "namespace": "aws:ec2:vpc",
                "resource": "",
                "value": "subnet-005b02b67882b20e2,subnet-05d8690134c87075a,subnet-06f1e4e4ed1d57249,subnet-087e822c26f0c6421,subnet-0e521d5c94468fd62,subnet-0f35f5f760cf8551a"
              },
              {
                "name": "EnableCapacityRebalancing",
                "namespace": "aws:autoscaling:asg",
                "resource": "",
                "value": "false"
              },
              {
                "name": "EnableSpot",
                "namespace": "aws:ec2:instances",
                "resource": "",
                "value": "false"
              },
              {
                "name": "EnhancedHealthAuthEnabled",
                "namespace": "aws:elasticbeanstalk:healthreporting:system",
                "resource": "",
                "value": "true"
              },
              {
                "name": "EnvironmentType",
                "namespace": "aws:elasticbeanstalk:environment",
                "resource": "",
                "value": "LoadBalanced"
              },
              {
                "name": "EnvironmentVariables",
                "namespace": "aws:cloudformation:template:parameter",
                "resource": "",
                "value": ""
              },
              {
                "name": "EvaluationPeriods",
                "namespace": "aws:autoscaling:trigger",
                "resource": "",
                "value": "1"
              },
              {
                "name": "ExternalExtensionsS3Bucket",
                "namespace": "aws:elasticbeanstalk:environment",
                "resource": "",
                "value": ""
              },
              {
                "name": "ExternalExtensionsS3Key",
                "namespace": "aws:elasticbeanstalk:environment",
                "resource": "",
                "value": ""
              },
              {
                "name": "HasCoupledDatabase",
                "namespace": "aws:rds:dbinstance",
                "resource": "",
                "value": "false"
              },
              {
                "name": "HealthCheckSuccessThreshold",
                "namespace": "aws:elasticbeanstalk:healthreporting:system",
                "resource": "",
                "value": "Ok"
              },
              {
                "name": "HealthStreamingEnabled",
                "namespace": "aws:elasticbeanstalk:cloudwatch:logs:health",
                "resource": "",
                "value": "false"
              },
              {
                "name": "HealthyThreshold",
                "namespace": "aws:elb:healthcheck",
                "resource": "",
                "value": "3"
              },
              {
                "name": "HooksPkgUrl",
                "namespace": "aws:cloudformation:template:parameter",
                "resource": "",
                "value": "https://elasticbeanstalk-platform-assets-us-east-1.s3.amazonaws.com/stalks/eb_php82_amazon_linux_2023_1.0.129.0_20230826023402/lib/hooks.tar.gz"
              },
              {
                "name": "IamInstanceProfile",
                "namespace": "aws:autoscaling:launchconfiguration",
                "resource": "",
                "value": "prod_profile"
              },
              {
                "name": "IgnoreHealthCheck",
                "namespace": "aws:elasticbeanstalk:command",
                "resource": "",
                "value": "false"
              },
              {
                "name": "ImageId",
                "namespace": "aws:autoscaling:launchconfiguration",
                "resource": "",
                "value": "ami-02dcdd73be47f9e3d"
              },
              {
                "name": "InstancePort",
                "namespace": "aws:cloudformation:template:parameter",
                "resource": "",
                "value": "80"
              },
              {
                "name": "InstancePort",
                "namespace": "aws:elb:listener:80",
                "resource": "",
                "value": "80"
              },
              {
                "name": "InstanceProtocol",
                "namespace": "aws:elb:listener:80",
                "resource": "",
                "value": "HTTP"
              },
              {
                "name": "InstanceRefreshEnabled",
                "namespace": "aws:elasticbeanstalk:managedactions:platformupdate",
                "resource": "",
                "value": "false"
              },
              {
                "name": "InstanceType",
                "namespace": "aws:autoscaling:launchconfiguration",
                "resource": "",
                "value": "t2.micro"
              },
              {
                "name": "InstanceTypeFamily",
                "namespace": "aws:cloudformation:template:parameter",
                "resource": "",
                "value": "t2"
              },
              {
                "name": "InstanceTypes",
                "namespace": "aws:ec2:instances",
                "resource": "",
                "value": "t2.micro"
              },
              {
                "name": "Interval",
                "namespace": "aws:elb:healthcheck",
                "resource": "",
                "value": "10"
              },
              {
                "name": "LaunchTimeout",
                "namespace": "aws:elasticbeanstalk:control",
                "resource": "",
                "value": "0"
              },
              {
                "name": "LaunchType",
                "namespace": "aws:elasticbeanstalk:control",
                "resource": "",
                "value": "Migration"
              },
              {
                "name": "ListenerEnabled",
                "namespace": "aws:elb:listener:80",
                "resource": "",
                "value": "true"
              },
              {
                "name": "ListenerProtocol",
                "namespace": "aws:elb:listener:80",
                "resource": "",
                "value": "HTTP"
              },
              {
                "name": "LoadBalancerHTTPPort",
                "namespace": "aws:elb:loadbalancer",
                "resource": "",
                "value": "80"
              },
              {
                "name": "LoadBalancerHTTPSPort",
                "namespace": "aws:elb:loadbalancer",
                "resource": "",
                "value": "OFF"
              },
              {
                "name": "LoadBalancerPortProtocol",
                "namespace": "aws:elb:loadbalancer",
                "resource": "",
                "value": "HTTP"
              },
              {
                "name": "LoadBalancerSSLPortProtocol",
                "namespace": "aws:elb:loadbalancer",
                "resource": "",
                "value": "HTTPS"
              },
              {
                "name": "LoadBalancerType",
                "namespace": "aws:elasticbeanstalk:environment",
                "resource": "",
                "value": "classic"
              },
              {
                "name": "LogPublicationControl",
                "namespace": "aws:elasticbeanstalk:hostmanager",
                "resource": "",
                "value": "false"
              },
              {
                "name": "LowerBreachScaleIncrement",
                "namespace": "aws:autoscaling:trigger",
                "resource": "",
                "value": "-1"
              },
              {
                "name": "LowerThreshold",
                "namespace": "aws:autoscaling:trigger",
                "resource": "",
                "value": "2000000"
              },
              {
                "name": "ManagedActionsEnabled",
                "namespace": "aws:elasticbeanstalk:managedactions",
                "resource": "",
                "value": "false"
              },
              {
                "name": "MaxBatchSize",
                "namespace": "aws:autoscaling:updatepolicy:rollingupdate",
                "resource": "",
                "value": ""
              },
              {
                "name": "MaxSize",
                "namespace": "aws:autoscaling:asg",
                "resource": "",
                "value": "2"
              },
              {
                "name": "MeasureName",
                "namespace": "aws:autoscaling:trigger",
                "resource": "",
                "value": "NetworkOut"
              },
              {
                "name": "MinInstancesInService",
                "namespace": "aws:autoscaling:updatepolicy:rollingupdate",
                "resource": "",
                "value": ""
              },
              {
                "name": "MinSize",
                "namespace": "aws:autoscaling:asg",
                "resource": "",
                "value": "1"
              },
              {
                "name": "MonitoringInterval",
                "namespace": "aws:autoscaling:launchconfiguration",
                "resource": "",
                "value": "5 minute"
              },
              {
                "name": "Notification Endpoint",
                "namespace": "aws:elasticbeanstalk:sns:topics",
                "resource": "",
                "value": ""
              },
              {
                "name": "Notification Protocol",
                "namespace": "aws:elasticbeanstalk:sns:topics",
                "resource": "",
                "value": "email"
              },
              {
                "name": "Notification Topic ARN",
                "namespace": "aws:elasticbeanstalk:sns:topics",
                "resource": "",
                "value": ""
              },
              {
                "name": "Notification Topic Name",
                "namespace": "aws:elasticbeanstalk:sns:topics",
                "resource": "",
                "value": ""
              },
              {
                "name": "PauseTime",
                "namespace": "aws:autoscaling:updatepolicy:rollingupdate",
                "resource": "",
                "value": ""
              },
              {
                "name": "Period",
                "namespace": "aws:autoscaling:trigger",
                "resource": "",
                "value": "5"
              },
              {
                "name": "PreferredStartTime",
                "namespace": "aws:elasticbeanstalk:managedactions",
                "resource": "",
                "value": ""
              },
              {
                "name": "ProxyServer",
                "namespace": "aws:elasticbeanstalk:environment:proxy",
                "resource": "",
                "value": "nginx"
              },
              {
                "name": "RetentionInDays",
                "namespace": "aws:elasticbeanstalk:cloudwatch:logs",
                "resource": "",
                "value": "7"
              },
              {
                "name": "RetentionInDays",
                "namespace": "aws:elasticbeanstalk:cloudwatch:logs:health",
                "resource": "",
                "value": "7"
              },
              {
                "name": "RollbackLaunchOnFailure",
                "namespace": "aws:elasticbeanstalk:control",
                "resource": "",
                "value": "false"
              },
              {
                "name": "RollingUpdateEnabled",
                "namespace": "aws:autoscaling:updatepolicy:rollingupdate",
                "resource": "",
                "value": "false"
              },
              {
                "name": "RollingUpdateType",
                "namespace": "aws:autoscaling:updatepolicy:rollingupdate",
                "resource": "",
                "value": "Time"
              },
              {
                "name": "RootVolumeIOPS",
                "namespace": "aws:autoscaling:launchconfiguration",
                "resource": "",
                "value": ""
              },
              {
                "name": "RootVolumeSize",
                "namespace": "aws:autoscaling:launchconfiguration",
                "resource": "",
                "value": ""
              },
              {
                "name": "RootVolumeThroughput",
                "namespace": "aws:autoscaling:launchconfiguration",
                "resource": "",
                "value": ""
              },
              {
                "name": "RootVolumeType",
                "namespace": "aws:autoscaling:launchconfiguration",
                "resource": "",
                "value": ""
              },
              {
                "name": "SSHSourceRestriction",
                "namespace": "aws:autoscaling:launchconfiguration",
                "resource": "",
                "value": "tcp,22,22,0.0.0.0/0"
              },
              {
                "name": "SSLCertificateId",
                "namespace": "aws:elb:listener:80",
                "resource": "",
                "value": ""
              },
              {
                "name": "SSLCertificateId",
                "namespace": "aws:elb:loadbalancer",
                "resource": "",
                "value": ""
              },
              {
                "name": "SecurityGroups",
                "namespace": "aws:autoscaling:launchconfiguration",
                "resource": "",
                "value": "sg-0799ddb8b3f417d96"
              },
              {
                "name": "SecurityGroups",
                "namespace": "aws:elb:loadbalancer",
                "resource": "",
                "value": ""
              },
              {
                "name": "ServiceRole",
                "namespace": "aws:elasticbeanstalk:environment",
                "resource": "",
                "value": "AWSServiceRoleForElasticBeanstalk"
              },
              {
                "name": "ServiceRoleForManagedUpdates",
                "namespace": "aws:elasticbeanstalk:managedactions",
                "resource": "",
                "value": ""
              },
              {
                "name": "SpotFleetOnDemandAboveBasePercentage",
                "namespace": "aws:ec2:instances",
                "resource": "",
                "value": "70"
              },
              {
                "name": "SpotFleetOnDemandBase",
                "namespace": "aws:ec2:instances",
                "resource": "",
                "value": "0"
              },
              {
                "name": "SpotMaxPrice",
                "namespace": "aws:ec2:instances",
                "resource": "",
                "value": ""
              },
              {
                "name": "StaticFiles",
                "namespace": "aws:cloudformation:template:parameter",
                "resource": "",
                "value": ""
              },
              {
                "name": "Statistic",
                "namespace": "aws:autoscaling:trigger",
                "resource": "",
                "value": "Average"
              },
              {
                "name": "StreamLogs",
                "namespace": "aws:elasticbeanstalk:cloudwatch:logs",
                "resource": "",
                "value": "false"
              },
              {
                "name": "Subnets",
                "namespace": "aws:ec2:vpc",
                "resource": "",
                "value": "subnet-005b02b67882b20e2,subnet-05d8690134c87075a,subnet-06f1e4e4ed1d57249,subnet-087e822c26f0c6421,subnet-0e521d5c94468fd62,subnet-0f35f5f760cf8551a"
              },
              {
                "name": "SupportedArchitectures",
                "namespace": "aws:ec2:instances",
                "resource": "",
                "value": "x86_64"
              },
              {
                "name": "SystemType",
                "namespace": "aws:elasticbeanstalk:healthreporting:system",
                "resource": "",
                "value": "enhanced"
              },
              {
                "name": "Target",
                "namespace": "aws:elb:healthcheck",
                "resource": "",
                "value": "TCP:80"
              },
              {
                "name": "Timeout",
                "namespace": "aws:autoscaling:updatepolicy:rollingupdate",
                "resource": "",
                "value": "PT30M"
              },
              {
                "name": "Timeout",
                "namespace": "aws:elasticbeanstalk:command",
                "resource": "",
                "value": "600"
              },
              {
                "name": "Timeout",
                "namespace": "aws:elb:healthcheck",
                "resource": "",
                "value": "5"
              },
              {
                "name": "UnhealthyThreshold",
                "namespace": "aws:elb:healthcheck",
                "resource": "",
                "value": "5"
              },
              {
                "name": "Unit",
                "namespace": "aws:autoscaling:trigger",
                "resource": "",
                "value": "Bytes"
              },
              {
                "name": "UpdateLevel",
                "namespace": "aws:elasticbeanstalk:managedactions:platformupdate",
                "resource": "",
                "value": ""
              },
              {
                "name": "UpperBreachScaleIncrement",
                "namespace": "aws:autoscaling:trigger",
                "resource": "",
                "value": "1"
              },
              {
                "name": "UpperThreshold",
                "namespace": "aws:autoscaling:trigger",
                "resource": "",
                "value": "6000000"
              },
              {
                "name": "VPCId",
                "namespace": "aws:ec2:vpc",
                "resource": "",
                "value": "vpc-05fe7904eabf32ab5"
              },
              {
                "name": "XRayEnabled",
                "namespace": "aws:elasticbeanstalk:xray",
                "resource": "",
                "value": "false"
              },
              {
                "name": "allow_url_fopen",
                "namespace": "aws:elasticbeanstalk:container:php:phpini",
                "resource": "",
                "value": "On"
              },
              {
                "name": "composer_options",
                "namespace": "aws:elasticbeanstalk:container:php:phpini",
                "resource": "",
                "value": ""
              },
              {
                "name": "display_errors",
                "namespace": "aws:elasticbeanstalk:container:php:phpini",
                "resource": "",
                "value": "Off"
              },
              {
                "name": "document_root",
                "namespace": "aws:elasticbeanstalk:container:php:phpini",
                "resource": "",
                "value": ""
              },
              {
                "name": "max_execution_time",
                "namespace": "aws:elasticbeanstalk:container:php:phpini",
                "resource": "",
                "value": "60"
              },
              {
                "name": "memory_limit",
                "namespace": "aws:elasticbeanstalk:container:php:phpini",
                "resource": "",
                "value": "256M"
              },
              {
                "name": "zlib.output_compression",
                "namespace": "aws:elasticbeanstalk:container:php:phpini",
                "resource": "",
                "value": "Off"
              }
            ],
            "application": "Ebapp1_demo",
            "arn": "arn:aws:elasticbeanstalk:us-east-1:048556301196:environment/Ebapp1_demo/Prod",
            "autoscaling_groups": [
              "awseb-e-yi7bpva6zp-stack-AWSEBAutoScalingGroup-1UKFRK6L92VCR"
            ],
            "cname": "Prod.eba-nmgmb6pi.us-east-1.elasticbeanstalk.com",
            "cname_prefix": "",
            "description": "",
            "endpoint_url": "awseb-e-y-AWSEBLoa-1AB5332PJX83P-180139718.us-east-1.elb.amazonaws.com",
            "id": "e-yi7bpva6zp",
            "instances": [
              "i-0cf619c1b268ffc84"
            ],
            "launch_configurations": [
              "awseb-e-yi7bpva6zp-stack-AWSEBAutoScalingLaunchConfiguration-J3umvqaVF9Q4"
            ],
            "load_balancers": [
              "awseb-e-y-AWSEBLoa-1AB5332PJX83P"
            ],
            "name": "Prod",
            "platform_arn": "arn:aws:elasticbeanstalk:us-east-1::platform/PHP 8.2 running on 64bit Amazon Linux 2023/4.0.1",
            "poll_interval": null,
            "queues": [],
            "setting": [],
            "solution_stack_name": "64bit Amazon Linux 2023 v4.0.1 running PHP 8.2",
            "tags": null,
            "tags_all": {},
            "template_name": "tf-prod-template-config",
            "tier": "WebServer",
            "triggers": [],
            "version_label": "1.0",
            "wait_for_ready_timeout": "20m"
          },
          "sensitive_attributes": [],
          "private": "eyJzY2hlbWFfdmVyc2lvbiI6IjEifQ==",
          "dependencies": [
            "aws_default_vpc.default",
            "aws_elastic_beanstalk_application.demo_ebapp1",
            "aws_elastic_beanstalk_configuration_template.tf_template",
            "aws_iam_instance_profile.elastic_beanstalk_ec2_profile",
            "aws_iam_role.elastic_beanstalk_ec2_role",
            "aws_key_pair.kp",
            "aws_security_group.ingress-all-test",
            "data.aws_subnets.default_subs",
            "tls_private_key.pk"
          ]
        }
      ]
    },
    {
      "mode": "managed",
      "type": "aws_iam_instance_profile",
      "name": "elastic_beanstalk_ec2_profile",
      "provider": "provider[\"registry.terraform.io/hashicorp/aws\"]",
      "instances": [
        {
          "schema_version": 0,
          "attributes": {
            "arn": "arn:aws:iam::048556301196:instance-profile/prod_profile",
            "create_date": "2023-09-25T21:15:12Z",
            "id": "prod_profile",
            "name": "prod_profile",
            "name_prefix": null,
            "path": "/",
            "role": "elastic_beanstalk_ec2_role_demo",
            "tags": null,
            "tags_all": {},
            "unique_id": "AIPAQWTROLOGOEUBPOASS"
          },
          "sensitive_attributes": [],
          "private": "bnVsbA==",
          "dependencies": [
            "aws_iam_role.elastic_beanstalk_ec2_role"
          ]
        }
      ]
    },
    {
      "mode": "managed",
      "type": "aws_iam_role",
      "name": "elastic_beanstalk_ec2_role",
      "provider": "provider[\"registry.terraform.io/hashicorp/aws\"]",
      "instances": [
        {
          "schema_version": 0,
          "attributes": {
            "arn": "arn:aws:iam::048556301196:role/elastic_beanstalk_ec2_role_demo",
            "assume_role_policy": "{\"Version\":\"2012-10-17\",\"Statement\":[{\"Sid\":\"\",\"Effect\":\"Allow\",\"Principal\":{\"Service\":\"ec2.amazonaws.com\"},\"Action\":\"sts:AssumeRole\"}]}",
            "create_date": "2023-09-25T21:15:10Z",
            "description": "",
            "force_detach_policies": false,
            "id": "elastic_beanstalk_ec2_role_demo",
            "inline_policy": [
              {
                "name": "",
                "policy": ""
              }
            ],
            "managed_policy_arns": [],
            "max_session_duration": 3600,
            "name": "elastic_beanstalk_ec2_role_demo",
            "name_prefix": "",
            "path": "/",
            "permissions_boundary": null,
            "tags": {
              "created-by": "Production Team"
            },
            "tags_all": {
              "created-by": "Production Team"
            },
            "unique_id": "AROAQWTROLOGLMSPHR6HM"
          },
          "sensitive_attributes": [],
          "private": "bnVsbA=="
        }
      ]
    },
    {
      "mode": "managed",
      "type": "aws_iam_role_policy_attachment",
      "name": "elastic_beanstalk_ec2_role_policy",
      "provider": "provider[\"registry.terraform.io/hashicorp/aws\"]",
      "instances": [
        {
          "schema_version": 0,
          "attributes": {
            "id": "elastic_beanstalk_ec2_role_demo-20230925211512296300000001",
            "policy_arn": "arn:aws:iam::aws:policy/AWSElasticBeanstalkWebTier",
            "role": "elastic_beanstalk_ec2_role_demo"
          },
          "sensitive_attributes": [],
          "private": "bnVsbA==",
          "dependencies": [
            "aws_iam_role.elastic_beanstalk_ec2_role"
          ]
        }
      ]
    },
    {
      "mode": "managed",
      "type": "aws_iam_role_policy_attachment",
      "name": "elastic_beanstalk_ec2_role_policy1",
      "provider": "provider[\"registry.terraform.io/hashicorp/aws\"]",
      "instances": [
        {
          "schema_version": 0,
          "attributes": {
            "id": "elastic_beanstalk_ec2_role_demo-20230925211512325400000002",
            "policy_arn": "arn:aws:iam::aws:policy/AmazonRDSDataFullAccess",
            "role": "elastic_beanstalk_ec2_role_demo"
          },
          "sensitive_attributes": [],
          "private": "bnVsbA==",
          "dependencies": [
            "aws_iam_role.elastic_beanstalk_ec2_role"
          ]
        }
      ]
    },
    {
      "mode": "managed",
      "type": "aws_key_pair",
      "name": "kp",
      "provider": "provider[\"registry.terraform.io/hashicorp/aws\"]",
      "instances": [
        {
          "schema_version": 1,
          "attributes": {
            "arn": "arn:aws:ec2:us-east-1:048556301196:key-pair/LinuxVM",
            "fingerprint": "2a:58:61:03:46:bb:be:9e:86:f4:20:68:b2:6f:e3:84",
            "id": "LinuxVM",
            "key_name": "LinuxVM",
            "key_name_prefix": "",
            "key_pair_id": "key-062f706b42ce93cca",
            "public_key": "ssh-rsa AAAAB3NzaC1yc2EAAAADAQABAAACAQDYUuxcNI8TXZslEVDpUfS1SiyI4IQfCqdf9H3JZyouVU/DRyrUQVlbB6sJcPIo4eg0AB4qgJGRlERdO57bQhCPQH1J1iHy92RYQ6olyVRoU35IcNbCczRX3WdDgXJ705irIIGTHdw1WhBQ09ORLTYwrBHhLqYpFxqRKK+7ef2jFGMGpOKEpwqYBcUVJum0hUwWfa7C2FxorFkrZp/ituxkyecpQOqM/8kgKTht3mFgOppL5UFYk/HmVswGvako7KrItAtGNQgfnrnKTDY+axbdW4bkqvkeg6rqe2eoFPJfGEt7DaVhoko2SzngXczoLDQEmkvc2SGHTecwzHf3zjHWyOLcbAcb2NQrgSOxUutkWtOsJGBRoh9ISedpE+h8OEUpeK6bHM/eE24xMngJZmtMiCnaO+ycENOpDvTIIAixo3gOw6nF4KRSEoAmkLfBDEjiZj3NxLHLYnzXtVlu+OlUtvcppHG5mGrrFsZfvL6w4jAUWOhC9ECkLxvEqvrDPeSX433GZBTkAw/LJyceBjO3vx8lC4eQbHkCXna1YKnC94y28HhdSvB8OMorKe7VCTHHuosMuBWoalwUBwg2/FkMo4O1pb+sEV9VDHzUyU0OYLfrn1XI4rqvsPOJfHwfFAm36ESNW+nRUxpyvPrewszZ7ZXZfnRUwgWHFfjzkm9RgQ==",
            "tags": null,
            "tags_all": {}
          },
          "sensitive_attributes": [],
          "private": "eyJzY2hlbWFfdmVyc2lvbiI6IjEifQ==",
          "dependencies": [
            "tls_private_key.pk"
          ]
        }
      ]
    },
    {
      "mode": "managed",
      "type": "aws_s3_bucket",
      "name": "default",
      "provider": "provider[\"registry.terraform.io/hashicorp/aws\"]",
      "instances": [
        {
          "schema_version": 0,
          "attributes": {
            "acceleration_status": "",
            "acl": "private",
            "arn": "arn:aws:s3:::ebapp1prodbucket25",
            "bucket": "ebapp1prodbucket25",
            "bucket_domain_name": "ebapp1prodbucket25.s3.amazonaws.com",
            "bucket_prefix": null,
            "bucket_regional_domain_name": "ebapp1prodbucket25.s3.amazonaws.com",
            "cors_rule": [],
            "force_destroy": false,
            "grant": [],
            "hosted_zone_id": "Z3AQBSTGFYJSTF",
            "id": "ebapp1prodbucket25",
            "lifecycle_rule": [],
            "logging": [],
            "object_lock_configuration": [],
            "policy": null,
            "region": "us-east-1",
            "replication_configuration": [],
            "request_payer": "BucketOwner",
            "server_side_encryption_configuration": [
              {
                "rule": [
                  {
                    "apply_server_side_encryption_by_default": [
                      {
                        "kms_master_key_id": "",
                        "sse_algorithm": "AES256"
                      }
                    ],
                    "bucket_key_enabled": false
                  }
                ]
              }
            ],
            "tags": null,
            "tags_all": {},
            "versioning": [
              {
                "enabled": false,
                "mfa_delete": false
              }
            ],
            "website": [],
            "website_domain": null,
            "website_endpoint": null
          },
          "sensitive_attributes": [],
          "private": "bnVsbA=="
        }
      ]
    },
    {
      "mode": "managed",
      "type": "aws_s3_bucket_object",
      "name": "default",
      "provider": "provider[\"registry.terraform.io/hashicorp/aws\"]",
      "instances": [
        {
          "schema_version": 0,
          "attributes": {
            "acl": "private",
            "bucket": "ebapp1prodbucket25",
            "bucket_key_enabled": false,
            "cache_control": "",
            "content": null,
            "content_base64": null,
            "content_disposition": "",
            "content_encoding": "",
            "content_language": "",
            "content_type": "binary/octet-stream",
            "etag": "45d7e092204b67d661293849508b6f3b",
            "force_destroy": false,
            "id": "beanstalk/php-webapp.zip",
            "key": "beanstalk/php-webapp.zip",
            "kms_key_id": null,
            "metadata": null,
            "object_lock_legal_hold_status": "",
            "object_lock_mode": "",
            "object_lock_retain_until_date": "",
            "server_side_encryption": "AES256",
            "source": "webapp.zip",
            "source_hash": null,
            "storage_class": "STANDARD",
            "tags": null,
            "tags_all": {},
            "version_id": "",
            "website_redirect": ""
          },
          "sensitive_attributes": [],
          "private": "bnVsbA==",
          "dependencies": [
            "aws_s3_bucket.default"
          ]
        }
      ]
    },
    {
      "mode": "managed",
      "type": "aws_security_group",
      "name": "ingress-all-test",
      "provider": "provider[\"registry.terraform.io/hashicorp/aws\"]",
      "instances": [
        {
          "schema_version": 1,
          "attributes": {
            "arn": "arn:aws:ec2:us-east-1:048556301196:security-group/sg-0799ddb8b3f417d96",
            "description": "Managed by Terraform",
            "egress": [
              {
                "cidr_blocks": [
                  "0.0.0.0/0"
                ],
                "description": "",
                "from_port": 0,
                "ipv6_cidr_blocks": [],
                "prefix_list_ids": [],
                "protocol": "-1",
                "security_groups": [],
                "self": false,
                "to_port": 0
              }
            ],
            "id": "sg-0799ddb8b3f417d96",
            "ingress": [
              {
                "cidr_blocks": [
                  "0.0.0.0/0"
                ],
                "description": "",
                "from_port": 22,
                "ipv6_cidr_blocks": [],
                "prefix_list_ids": [],
                "protocol": "tcp",
                "security_groups": [],
                "self": false,
                "to_port": 22
              },
              {
                "cidr_blocks": [
                  "0.0.0.0/0"
                ],
                "description": "",
                "from_port": 3306,
                "ipv6_cidr_blocks": [],
                "prefix_list_ids": [],
                "protocol": "tcp",
                "security_groups": [],
                "self": false,
                "to_port": 3306
              }
            ],
            "name": "allow-all-sg",
            "name_prefix": "",
            "owner_id": "048556301196",
            "revoke_rules_on_delete": false,
            "tags": null,
            "tags_all": {},
            "timeouts": null,
            "vpc_id": "vpc-05fe7904eabf32ab5"
          },
          "sensitive_attributes": [],
          "private": "eyJlMmJmYjczMC1lY2FhLTExZTYtOGY4OC0zNDM2M2JjN2M0YzAiOnsiY3JlYXRlIjo2MDAwMDAwMDAwMDAsImRlbGV0ZSI6OTAwMDAwMDAwMDAwfSwic2NoZW1hX3ZlcnNpb24iOiIxIn0=",
          "dependencies": [
            "aws_default_vpc.default"
          ]
        }
      ]
    },
    {
      "mode": "managed",
      "type": "local_file",
      "name": "ssh_key",
      "provider": "provider[\"registry.terraform.io/hashicorp/local\"]",
      "instances": [
        {
          "schema_version": 0,
          "attributes": {
            "content": "-----BEGIN RSA PRIVATE KEY-----\nMIIJJwIBAAKCAgEA2FLsXDSPE12bJRFQ6VH0tUosiOCEHwqnX/R9yWcqLlVPw0cq\n1EFZWwerCXDyKOHoNAAeKoCRkZREXTue20IQj0B9SdYh8vdkWEOqJclUaFN+SHDW\nwnM0V91nQ4Fye9OYqyCBkx3cNVoQUNPTkS02MKwR4S6mKRcakSivu3n9oxRjBqTi\nhKcKmAXFFSbptIVMFn2uwthcaKxZK2af4rbsZMnnKUDqjP/JICk4bd5hYDqaS+VB\nWJPx5lbMBr2pKOyqyLQLRjUIH565ykw2PmsW3VuG5Kr5HoOq6ntnqBTyXxhLew2l\nYaJKNks54F3M6Cw0BJpL3Nkhh03nMMx3984x1sji3GwHG9jUK4EjsVLrZFrTrCRg\nUaIfSEnnaRPofDhFKXiumxzP3hNuMTJ4CWZrTIgp2jvsnBDTqQ70yCAIsaN4DsOp\nxeCkUhKAJpC3wQxI4mY9zcSxy2J817VZbvjpVLb3KaRxuZhq6xbGX7y+sOIwFFjo\nQvRApC8bxKr6wz3kl+N9xmQU5AMPyycnHgYzt78fJQuHkGx5Al52tWCpwveMtvB4\nXUrwfDjKKynu1Qkxx7qLDLgVqGpcFAcINvxZDKODtaW/rBFfVQx81MlNDmC3659V\nyOK6r7DziXx8HxQJt+hEjVvp0VMacrz63sLM2e2V2X50VMIFhxX485JvUYECAwEA\nAQKCAgALW6c/XB8bBDIuKw+VgJEZp7BY63jkbFnHZv3nwjvrvNz4QtdT166KYgev\n8jc0wE/B0zPCRYffHerM/mFj378g1mD9rHmR2T1yiPL5Eu4UoDWkNhCAmy3nYx+V\n4skRCVYdvhIvmETEpFrw835LRBVxTseNjDZ7N9RURM+dR1Vy55Ifei7Oijq7Kqpj\nZuykZs9M6wJvBo8ri8kOx0+jxrj4vcUeXGM0TgXQY3msAx4XwFvzmjDpJrNvxaTm\nwbSNCogZC6L/567qghn9Li0278Z+jtyxSuzTllQ2BY62u4rSRWNJLbk+PBgra525\nUxN8KT398+AB04C4KvX1kPbHkxL4vFG941Qi1BNDSngr+XSQAjd50lhgJW/LbDOY\nDzxcQ3PL7boObTDu9O4VxE9WH+1H4w1rkS+WDr0322k490KaJGDUd+JyuRzd2PTN\npvxl7AUNG43gwNglajC/ZGQz0XLJmqtIUz2liuEZXVWrDvQAtXJAnRn3qH+BlanG\nColtwxqVAsKCGTrAzj/7OOMhgTIhWuyckctNSrKs2ciEtPAv2z/rpXC6r1i/Des4\n9B3lSfUv2hIHn0eR5ZqjmWK6zWsa6ZTcpcNbdqbOmlIr++NVaE1cO3sSl7ICtTRP\nnE4oqvAnmvlTR2RtQvFAj7dFtlkuwXKAwro5vzjukcK7B7z1wQKCAQEA8G50n6ac\n7QCAh5T5BXcMXi6vi4is9xrah3+PfuiM79hAmgCTDSZxrLHftD6BQbmqMrAAYn/V\nnB2b26q5X+boEWf5EJvyGhAoAYss8di6SAdpE9jvi1pPUQWw1Eng77bJCN8Mr7CU\n0jrs3tFq6dusAU1ruwnoNdGSPiwAz3kMoV3FL3xlPgkmVmMiil9fCWFl4U8ZxviX\nZhIPpCFOeU9fjoEWJbdktKfIjutLXjFuhvAC6Dq6D1DGqQYmEHxcs0SKzfK1zf4D\nuk/Fz7h4cGS/h8yAceI1j6uONl4vvJt5ZWtKMUR9W3Qwc10MpQ1Xguiowmun7x/b\neyM3TD3wUdN8yQKCAQEA5lTYgSjo2MY/yei1DoyQBjSk+ICP7NzvNd5YSvGJ99la\nIzNW50/Wpn2fzb9W8oUomHwcdsNa7ZXxLiZkt67QaqJvXniKrRdUQzNsWz2XgxYE\nQBfrMJIECnXE9l5TXNlW+RhDKD1BAYIu/aCPmQBbS1mwefdLm05nVhb+iJfvj1Ux\nFmTb2Ud6pIGySzcDx829ltcmPmSibUutlDcC9GFlnBktE+63QsdLrnZuKptx+hM1\n4sOpO/yEhdpEQwB+PtH4vnIbi98HC/ley6BBaUBMMjaYIAmN6SW3q5wPYY8vPCKX\ncSWKLsGdDWGhPc7rV3uoFR/DNkcfEw2gTvQEL0Zi+QKCAQAFXgHeeoKwS72SyUGR\n3Kl7BMHIdKGf1oqgUbmrVJeo1wQCLBccSQpql4Ht7SNHi1SAUyt/B2mGVabgDXyb\n5nSxxsdploGeEVRDTI8RSwxFhVzUI5idXMO+hEkBRDDwSP1N5GTNGz0HQGd/Rd+E\nHvJFCSxpfXwgj3AbUTInb4VXqNc5CybbbqrbbNUdj6l4dSMoF3L03SHMFoUg3dl5\nncr9TGZpKyHlYoV4o0oIbUQRYRQ/iOgUZXI53bhFz/Dl05bhqBRk59G/e/5nd6/A\nmo8oAemwISOe9G51Sj74j+Py3qVGWkgOHZbjTGV23chhVL5HsM2L6gMlSZD3c76E\npRr5AoIBAAIJ1jCucAEbIA1lZdTPIacsaBla6esquWM8qINhR9tNrSKKncZGSpwG\nmJd1jgtvakCPOKFEcVWQ8iV6aYHGpkmLTnkDkBagEjrWBat5DBI466i1jXtMj4SY\nLjoP86Tqt35U3KNKh3y/7jKIbTzpZ+Vu0cUCj0S8mOWGJpKG5bPbCSgtlFSD8W3r\nR+yqe/oUtAzVspzyvw1AkjSxl/EZu5B6GJAImM6afOz6V1dBMO0JpnxvRtwlC/cz\nS09cfcGIki79S4kdXC6a8l/S90E7NHFtUkNWUk8x6kI2i1xNrBlYJQb3UhW/2Of5\naTfm0OZhTceCFHQyhO/iOvz34+GXOeECggEAZTUayLdTNvqHFl9boivsjda7tf+O\nUYSDhf/Xxaq/QME4Ngh6HolL0rvNroXpwLBU4o8k+6easfPUWTcgNMPRTKtqjXik\n3eqpPWDRDe7LCHwDH5eZs8QAD4W/wx7AHjytG6XYQ2XDaZaS95d9ecyPVUCBjeNW\n5UITwBsq4TUgf/l8nXqYor9pqVEnJD8WI2tV03TCnmwR7Ukamub8BRy7HbhPAQeh\nKo4fe4UVSUl110EPLkm2nSH16E7UBkkDlzjX0QhxC4Uo0fAMUobS7VsWlyLWGhdg\nFIOVapHhsqRnOpnvoGCB0dXXiRpN5NOThK780NIIWfpE/rbdJhMfY9b8YA==\n-----END RSA PRIVATE KEY-----\n",
            "content_base64": null,
            "content_base64sha256": "1UjBLFObpKhrglh40hOgc/2dSA557pGRiBdSbrLkKzc=",
            "content_base64sha512": "meXU3jOXrt9O7bnYc1O1mrJtqjPySPm+74odVaqO0kdzMMWpbEBV1SyvjEJM29XUXqIqEOi/O40f8Ay/cCXcgw==",
            "content_md5": "f15cbdc80c00323106392079899384b2",
            "content_sha1": "5f56ff6ed69321c8b49c83b97aa238faa0e6225d",
            "content_sha256": "d548c12c539ba4a86b825878d213a073fd9d480e79ee91918817526eb2e42b37",
            "content_sha512": "99e5d4de3397aedf4eedb9d87353b59ab26daa33f248f9beef8a1d55aa8ed2477330c5a96c4055d52caf8c424cdbd5d45ea22a10e8bf3b8d1ff00cbf7025dc83",
            "directory_permission": "0777",
            "file_permission": "0400",
            "filename": "LinuxVM.pem",
            "id": "5f56ff6ed69321c8b49c83b97aa238faa0e6225d",
            "sensitive_content": null,
            "source": null
          },
          "sensitive_attributes": [
            [
              {
                "type": "get_attr",
                "value": "content"
              }
            ]
          ],
          "dependencies": [
            "aws_key_pair.kp",
            "tls_private_key.pk"
          ]
        }
      ]
    },
    {
      "mode": "managed",
      "type": "tls_private_key",
      "name": "pk",
      "provider": "provider[\"registry.terraform.io/hashicorp/tls\"]",
      "instances": [
        {
          "schema_version": 1,
          "attributes": {
            "algorithm": "RSA",
            "ecdsa_curve": "P224",
            "id": "bb1284463c337d1c571a06eb80a317c029b8df6d",
            "private_key_openssh": "-----BEGIN OPENSSH PRIVATE KEY-----\nb3BlbnNzaC1rZXktdjEAAAAABG5vbmUAAAAEbm9uZQAAAAAAAAABAAACFwAAAAdz\nc2gtcnNhAAAAAwEAAQAAAgEA2FLsXDSPE12bJRFQ6VH0tUosiOCEHwqnX/R9yWcq\nLlVPw0cq1EFZWwerCXDyKOHoNAAeKoCRkZREXTue20IQj0B9SdYh8vdkWEOqJclU\naFN+SHDWwnM0V91nQ4Fye9OYqyCBkx3cNVoQUNPTkS02MKwR4S6mKRcakSivu3n9\noxRjBqTihKcKmAXFFSbptIVMFn2uwthcaKxZK2af4rbsZMnnKUDqjP/JICk4bd5h\nYDqaS+VBWJPx5lbMBr2pKOyqyLQLRjUIH565ykw2PmsW3VuG5Kr5HoOq6ntnqBTy\nXxhLew2lYaJKNks54F3M6Cw0BJpL3Nkhh03nMMx3984x1sji3GwHG9jUK4EjsVLr\nZFrTrCRgUaIfSEnnaRPofDhFKXiumxzP3hNuMTJ4CWZrTIgp2jvsnBDTqQ70yCAI\nsaN4DsOpxeCkUhKAJpC3wQxI4mY9zcSxy2J817VZbvjpVLb3KaRxuZhq6xbGX7y+\nsOIwFFjoQvRApC8bxKr6wz3kl+N9xmQU5AMPyycnHgYzt78fJQuHkGx5Al52tWCp\nwveMtvB4XUrwfDjKKynu1Qkxx7qLDLgVqGpcFAcINvxZDKODtaW/rBFfVQx81MlN\nDmC3659VyOK6r7DziXx8HxQJt+hEjVvp0VMacrz63sLM2e2V2X50VMIFhxX485Jv\nUYEAAAc4jiRsII4kbCAAAAAHc3NoLXJzYQAAAgEA2FLsXDSPE12bJRFQ6VH0tUos\niOCEHwqnX/R9yWcqLlVPw0cq1EFZWwerCXDyKOHoNAAeKoCRkZREXTue20IQj0B9\nSdYh8vdkWEOqJclUaFN+SHDWwnM0V91nQ4Fye9OYqyCBkx3cNVoQUNPTkS02MKwR\n4S6mKRcakSivu3n9oxRjBqTihKcKmAXFFSbptIVMFn2uwthcaKxZK2af4rbsZMnn\nKUDqjP/JICk4bd5hYDqaS+VBWJPx5lbMBr2pKOyqyLQLRjUIH565ykw2PmsW3VuG\n5Kr5HoOq6ntnqBTyXxhLew2lYaJKNks54F3M6Cw0BJpL3Nkhh03nMMx3984x1sji\n3GwHG9jUK4EjsVLrZFrTrCRgUaIfSEnnaRPofDhFKXiumxzP3hNuMTJ4CWZrTIgp\n2jvsnBDTqQ70yCAIsaN4DsOpxeCkUhKAJpC3wQxI4mY9zcSxy2J817VZbvjpVLb3\nKaRxuZhq6xbGX7y+sOIwFFjoQvRApC8bxKr6wz3kl+N9xmQU5AMPyycnHgYzt78f\nJQuHkGx5Al52tWCpwveMtvB4XUrwfDjKKynu1Qkxx7qLDLgVqGpcFAcINvxZDKOD\ntaW/rBFfVQx81MlNDmC3659VyOK6r7DziXx8HxQJt+hEjVvp0VMacrz63sLM2e2V\n2X50VMIFhxX485JvUYEAAAADAQABAAACAAtbpz9cHxsEMi4rD5WAkRmnsFjreORs\nWcdm/efCO+u83PhC11PXropiB6/yNzTAT8HTM8JFh98d6sz+YWPfvyDWYP2seZHZ\nPXKI8vkS7hSgNaQ2EICbLedjH5XiyREJVh2+Ei+YRMSkWvDzfktEFXFOx42MNns3\n1FREz51HVXLnkh96Ls6KOrsqqmNm7KRmz0zrAm8GjyuLyQ7HT6PGuPi9xR5cYzRO\nBdBjeawDHhfAW/OaMOkms2/FpObBtI0KiBkLov/nruqCGf0uLTbvxn6O3LFK7NOW\nVDYFjra7itJFY0ktuT48GCtrnblTE3wpPf3z4AHTgLgq9fWQ9seTEvi8Ub3jVCLU\nE0NKeCv5dJACN3nSWGAlb8tsM5gPPFxDc8vtug5tMO707hXET1Yf7UfjDWuRL5YO\nvTfbaTj3QpokYNR34nK5HN3Y9M2m/GXsBQ0bjeDA2CVqML9kZDPRcsmaq0hTPaWK\n4RldVasO9AC1ckCdGfeof4GVqcYKiW3DGpUCwoIZOsDOP/s44yGBMiFa7JyRy01K\nsqzZyIS08C/bP+ulcLqvWL8N6zj0HeVJ9S/aEgefR5HlmqOZYrrNaxrplNylw1t2\nps6aUiv741VoTVw7exKXsgK1NE+cTiiq8Cea+VNHZG1C8UCPt0W2WS7BcoDCujm/\nOO6RwrsHvPXBAAABAGU1Gsi3Uzb6hxZfW6Ir7I3Wu7X/jlGEg4X/18Wqv0DBODYI\neh6JS9K7za6F6cCwVOKPJPunmrHz1Fk3IDTD0Uyrao14pN3qqT1g0Q3uywh8Ax+X\nmbPEAA+Fv8MewB48rRul2ENlw2mWkveXfXnMj1VAgY3jVuVCE8AbKuE1IH/5fJ16\nmKK/aalRJyQ/FiNrVdN0wp5sEe1JGprm/AUcux24TwEHoSqOH3uFFUlJdddBDy5J\ntp0h9ehO1AZJA5c419EIcQuFKNHwDFKG0u1bFpci1hoXYBSDlWqR4bKkZzqZ76Bg\ngdHV14kaTeTTk4Su/NDSCFn6RP623SYTH2PW/GAAAAEBAPBudJ+mnO0AgIeU+QV3\nDF4ur4uIrPca2od/j37ojO/YQJoAkw0mcayx37Q+gUG5qjKwAGJ/1Zwdm9uquV/m\n6BFn+RCb8hoQKAGLLPHYukgHaRPY74taT1EFsNRJ4O+2yQjfDK+wlNI67N7Raunb\nrAFNa7sJ6DXRkj4sAM95DKFdxS98ZT4JJlZjIopfXwlhZeFPGcb4l2YSD6QhTnlP\nX46BFiW3ZLSnyI7rS14xbobwAug6ug9QxqkGJhB8XLNEis3ytc3+A7pPxc+4eHBk\nv4fMgHHiNY+rjjZeL7ybeWVrSjFEfVt0MHNdDKUNV4LoqMJrp+8f23sjN0w98FHT\nfMkAAAEBAOZU2IEo6NjGP8notQ6MkAY0pPiAj+zc7zXeWErxiffZWiMzVudP1qZ9\nn82/VvKFKJh8HHbDWu2V8S4mZLeu0Gqib154iq0XVEMzbFs9l4MWBEAX6zCSBAp1\nxPZeU1zZVvkYQyg9QQGCLv2gj5kAW0tZsHn3S5tOZ1YW/oiX749VMRZk29lHeqSB\nsks3A8fNvZbXJj5kom1LrZQ3AvRhZZwZLRPut0LHS652biqbcfoTNeLDqTv8hIXa\nREMAfj7R+L5yG4vfBwv5XsugQWlATDI2mCAJjeklt6ucD2GPLzwil3Elii7BnQ1h\noT3O61d7qBUfwzZHHxMNoE70BC9GYvkAAAAAAQID\n-----END OPENSSH PRIVATE KEY-----\n",
            "private_key_pem": "-----BEGIN RSA PRIVATE KEY-----\nMIIJJwIBAAKCAgEA2FLsXDSPE12bJRFQ6VH0tUosiOCEHwqnX/R9yWcqLlVPw0cq\n1EFZWwerCXDyKOHoNAAeKoCRkZREXTue20IQj0B9SdYh8vdkWEOqJclUaFN+SHDW\nwnM0V91nQ4Fye9OYqyCBkx3cNVoQUNPTkS02MKwR4S6mKRcakSivu3n9oxRjBqTi\nhKcKmAXFFSbptIVMFn2uwthcaKxZK2af4rbsZMnnKUDqjP/JICk4bd5hYDqaS+VB\nWJPx5lbMBr2pKOyqyLQLRjUIH565ykw2PmsW3VuG5Kr5HoOq6ntnqBTyXxhLew2l\nYaJKNks54F3M6Cw0BJpL3Nkhh03nMMx3984x1sji3GwHG9jUK4EjsVLrZFrTrCRg\nUaIfSEnnaRPofDhFKXiumxzP3hNuMTJ4CWZrTIgp2jvsnBDTqQ70yCAIsaN4DsOp\nxeCkUhKAJpC3wQxI4mY9zcSxy2J817VZbvjpVLb3KaRxuZhq6xbGX7y+sOIwFFjo\nQvRApC8bxKr6wz3kl+N9xmQU5AMPyycnHgYzt78fJQuHkGx5Al52tWCpwveMtvB4\nXUrwfDjKKynu1Qkxx7qLDLgVqGpcFAcINvxZDKODtaW/rBFfVQx81MlNDmC3659V\nyOK6r7DziXx8HxQJt+hEjVvp0VMacrz63sLM2e2V2X50VMIFhxX485JvUYECAwEA\nAQKCAgALW6c/XB8bBDIuKw+VgJEZp7BY63jkbFnHZv3nwjvrvNz4QtdT166KYgev\n8jc0wE/B0zPCRYffHerM/mFj378g1mD9rHmR2T1yiPL5Eu4UoDWkNhCAmy3nYx+V\n4skRCVYdvhIvmETEpFrw835LRBVxTseNjDZ7N9RURM+dR1Vy55Ifei7Oijq7Kqpj\nZuykZs9M6wJvBo8ri8kOx0+jxrj4vcUeXGM0TgXQY3msAx4XwFvzmjDpJrNvxaTm\nwbSNCogZC6L/567qghn9Li0278Z+jtyxSuzTllQ2BY62u4rSRWNJLbk+PBgra525\nUxN8KT398+AB04C4KvX1kPbHkxL4vFG941Qi1BNDSngr+XSQAjd50lhgJW/LbDOY\nDzxcQ3PL7boObTDu9O4VxE9WH+1H4w1rkS+WDr0322k490KaJGDUd+JyuRzd2PTN\npvxl7AUNG43gwNglajC/ZGQz0XLJmqtIUz2liuEZXVWrDvQAtXJAnRn3qH+BlanG\nColtwxqVAsKCGTrAzj/7OOMhgTIhWuyckctNSrKs2ciEtPAv2z/rpXC6r1i/Des4\n9B3lSfUv2hIHn0eR5ZqjmWK6zWsa6ZTcpcNbdqbOmlIr++NVaE1cO3sSl7ICtTRP\nnE4oqvAnmvlTR2RtQvFAj7dFtlkuwXKAwro5vzjukcK7B7z1wQKCAQEA8G50n6ac\n7QCAh5T5BXcMXi6vi4is9xrah3+PfuiM79hAmgCTDSZxrLHftD6BQbmqMrAAYn/V\nnB2b26q5X+boEWf5EJvyGhAoAYss8di6SAdpE9jvi1pPUQWw1Eng77bJCN8Mr7CU\n0jrs3tFq6dusAU1ruwnoNdGSPiwAz3kMoV3FL3xlPgkmVmMiil9fCWFl4U8ZxviX\nZhIPpCFOeU9fjoEWJbdktKfIjutLXjFuhvAC6Dq6D1DGqQYmEHxcs0SKzfK1zf4D\nuk/Fz7h4cGS/h8yAceI1j6uONl4vvJt5ZWtKMUR9W3Qwc10MpQ1Xguiowmun7x/b\neyM3TD3wUdN8yQKCAQEA5lTYgSjo2MY/yei1DoyQBjSk+ICP7NzvNd5YSvGJ99la\nIzNW50/Wpn2fzb9W8oUomHwcdsNa7ZXxLiZkt67QaqJvXniKrRdUQzNsWz2XgxYE\nQBfrMJIECnXE9l5TXNlW+RhDKD1BAYIu/aCPmQBbS1mwefdLm05nVhb+iJfvj1Ux\nFmTb2Ud6pIGySzcDx829ltcmPmSibUutlDcC9GFlnBktE+63QsdLrnZuKptx+hM1\n4sOpO/yEhdpEQwB+PtH4vnIbi98HC/ley6BBaUBMMjaYIAmN6SW3q5wPYY8vPCKX\ncSWKLsGdDWGhPc7rV3uoFR/DNkcfEw2gTvQEL0Zi+QKCAQAFXgHeeoKwS72SyUGR\n3Kl7BMHIdKGf1oqgUbmrVJeo1wQCLBccSQpql4Ht7SNHi1SAUyt/B2mGVabgDXyb\n5nSxxsdploGeEVRDTI8RSwxFhVzUI5idXMO+hEkBRDDwSP1N5GTNGz0HQGd/Rd+E\nHvJFCSxpfXwgj3AbUTInb4VXqNc5CybbbqrbbNUdj6l4dSMoF3L03SHMFoUg3dl5\nncr9TGZpKyHlYoV4o0oIbUQRYRQ/iOgUZXI53bhFz/Dl05bhqBRk59G/e/5nd6/A\nmo8oAemwISOe9G51Sj74j+Py3qVGWkgOHZbjTGV23chhVL5HsM2L6gMlSZD3c76E\npRr5AoIBAAIJ1jCucAEbIA1lZdTPIacsaBla6esquWM8qINhR9tNrSKKncZGSpwG\nmJd1jgtvakCPOKFEcVWQ8iV6aYHGpkmLTnkDkBagEjrWBat5DBI466i1jXtMj4SY\nLjoP86Tqt35U3KNKh3y/7jKIbTzpZ+Vu0cUCj0S8mOWGJpKG5bPbCSgtlFSD8W3r\nR+yqe/oUtAzVspzyvw1AkjSxl/EZu5B6GJAImM6afOz6V1dBMO0JpnxvRtwlC/cz\nS09cfcGIki79S4kdXC6a8l/S90E7NHFtUkNWUk8x6kI2i1xNrBlYJQb3UhW/2Of5\naTfm0OZhTceCFHQyhO/iOvz34+GXOeECggEAZTUayLdTNvqHFl9boivsjda7tf+O\nUYSDhf/Xxaq/QME4Ngh6HolL0rvNroXpwLBU4o8k+6easfPUWTcgNMPRTKtqjXik\n3eqpPWDRDe7LCHwDH5eZs8QAD4W/wx7AHjytG6XYQ2XDaZaS95d9ecyPVUCBjeNW\n5UITwBsq4TUgf/l8nXqYor9pqVEnJD8WI2tV03TCnmwR7Ukamub8BRy7HbhPAQeh\nKo4fe4UVSUl110EPLkm2nSH16E7UBkkDlzjX0QhxC4Uo0fAMUobS7VsWlyLWGhdg\nFIOVapHhsqRnOpnvoGCB0dXXiRpN5NOThK780NIIWfpE/rbdJhMfY9b8YA==\n-----END RSA PRIVATE KEY-----\n",
            "private_key_pem_pkcs8": "-----BEGIN PRIVATE KEY-----\nMIIJQQIBADANBgkqhkiG9w0BAQEFAASCCSswggknAgEAAoICAQDYUuxcNI8TXZsl\nEVDpUfS1SiyI4IQfCqdf9H3JZyouVU/DRyrUQVlbB6sJcPIo4eg0AB4qgJGRlERd\nO57bQhCPQH1J1iHy92RYQ6olyVRoU35IcNbCczRX3WdDgXJ705irIIGTHdw1WhBQ\n09ORLTYwrBHhLqYpFxqRKK+7ef2jFGMGpOKEpwqYBcUVJum0hUwWfa7C2FxorFkr\nZp/ituxkyecpQOqM/8kgKTht3mFgOppL5UFYk/HmVswGvako7KrItAtGNQgfnrnK\nTDY+axbdW4bkqvkeg6rqe2eoFPJfGEt7DaVhoko2SzngXczoLDQEmkvc2SGHTecw\nzHf3zjHWyOLcbAcb2NQrgSOxUutkWtOsJGBRoh9ISedpE+h8OEUpeK6bHM/eE24x\nMngJZmtMiCnaO+ycENOpDvTIIAixo3gOw6nF4KRSEoAmkLfBDEjiZj3NxLHLYnzX\ntVlu+OlUtvcppHG5mGrrFsZfvL6w4jAUWOhC9ECkLxvEqvrDPeSX433GZBTkAw/L\nJyceBjO3vx8lC4eQbHkCXna1YKnC94y28HhdSvB8OMorKe7VCTHHuosMuBWoalwU\nBwg2/FkMo4O1pb+sEV9VDHzUyU0OYLfrn1XI4rqvsPOJfHwfFAm36ESNW+nRUxpy\nvPrewszZ7ZXZfnRUwgWHFfjzkm9RgQIDAQABAoICAAtbpz9cHxsEMi4rD5WAkRmn\nsFjreORsWcdm/efCO+u83PhC11PXropiB6/yNzTAT8HTM8JFh98d6sz+YWPfvyDW\nYP2seZHZPXKI8vkS7hSgNaQ2EICbLedjH5XiyREJVh2+Ei+YRMSkWvDzfktEFXFO\nx42MNns31FREz51HVXLnkh96Ls6KOrsqqmNm7KRmz0zrAm8GjyuLyQ7HT6PGuPi9\nxR5cYzROBdBjeawDHhfAW/OaMOkms2/FpObBtI0KiBkLov/nruqCGf0uLTbvxn6O\n3LFK7NOWVDYFjra7itJFY0ktuT48GCtrnblTE3wpPf3z4AHTgLgq9fWQ9seTEvi8\nUb3jVCLUE0NKeCv5dJACN3nSWGAlb8tsM5gPPFxDc8vtug5tMO707hXET1Yf7Ufj\nDWuRL5YOvTfbaTj3QpokYNR34nK5HN3Y9M2m/GXsBQ0bjeDA2CVqML9kZDPRcsma\nq0hTPaWK4RldVasO9AC1ckCdGfeof4GVqcYKiW3DGpUCwoIZOsDOP/s44yGBMiFa\n7JyRy01KsqzZyIS08C/bP+ulcLqvWL8N6zj0HeVJ9S/aEgefR5HlmqOZYrrNaxrp\nlNylw1t2ps6aUiv741VoTVw7exKXsgK1NE+cTiiq8Cea+VNHZG1C8UCPt0W2WS7B\ncoDCujm/OO6RwrsHvPXBAoIBAQDwbnSfppztAICHlPkFdwxeLq+LiKz3GtqHf49+\n6Izv2ECaAJMNJnGssd+0PoFBuaoysABif9WcHZvbqrlf5ugRZ/kQm/IaECgBiyzx\n2LpIB2kT2O+LWk9RBbDUSeDvtskI3wyvsJTSOuze0Wrp26wBTWu7Ceg10ZI+LADP\neQyhXcUvfGU+CSZWYyKKX18JYWXhTxnG+JdmEg+kIU55T1+OgRYlt2S0p8iO60te\nMW6G8ALoOroPUMapBiYQfFyzRIrN8rXN/gO6T8XPuHhwZL+HzIBx4jWPq442Xi+8\nm3lla0oxRH1bdDBzXQylDVeC6KjCa6fvH9t7IzdMPfBR03zJAoIBAQDmVNiBKOjY\nxj/J6LUOjJAGNKT4gI/s3O813lhK8Yn32VojM1bnT9amfZ/Nv1byhSiYfBx2w1rt\nlfEuJmS3rtBqom9eeIqtF1RDM2xbPZeDFgRAF+swkgQKdcT2XlNc2Vb5GEMoPUEB\ngi79oI+ZAFtLWbB590ubTmdWFv6Il++PVTEWZNvZR3qkgbJLNwPHzb2W1yY+ZKJt\nS62UNwL0YWWcGS0T7rdCx0uudm4qm3H6EzXiw6k7/ISF2kRDAH4+0fi+chuL3wcL\n+V7LoEFpQEwyNpggCY3pJbernA9hjy88IpdxJYouwZ0NYaE9zutXe6gVH8M2Rx8T\nDaBO9AQvRmL5AoIBAAVeAd56grBLvZLJQZHcqXsEwch0oZ/WiqBRuatUl6jXBAIs\nFxxJCmqXge3tI0eLVIBTK38HaYZVpuANfJvmdLHGx2mWgZ4RVENMjxFLDEWFXNQj\nmJ1cw76ESQFEMPBI/U3kZM0bPQdAZ39F34Qe8kUJLGl9fCCPcBtRMidvhVeo1zkL\nJttuqtts1R2PqXh1IygXcvTdIcwWhSDd2Xmdyv1MZmkrIeVihXijSghtRBFhFD+I\n6BRlcjnduEXP8OXTluGoFGTn0b97/md3r8CajygB6bAhI570bnVKPviP4/LepUZa\nSA4dluNMZXbdyGFUvkewzYvqAyVJkPdzvoSlGvkCggEAAgnWMK5wARsgDWVl1M8h\npyxoGVrp6yq5Yzyog2FH202tIoqdxkZKnAaYl3WOC29qQI84oURxVZDyJXppgcam\nSYtOeQOQFqASOtYFq3kMEjjrqLWNe0yPhJguOg/zpOq3flTco0qHfL/uMohtPOln\n5W7RxQKPRLyY5YYmkobls9sJKC2UVIPxbetH7Kp7+hS0DNWynPK/DUCSNLGX8Rm7\nkHoYkAiYzpp87PpXV0Ew7QmmfG9G3CUL9zNLT1x9wYiSLv1LiR1cLpryX9L3QTs0\ncW1SQ1ZSTzHqQjaLXE2sGVglBvdSFb/Y5/lpN+bQ5mFNx4IUdDKE7+I6/Pfj4Zc5\n4QKCAQBlNRrIt1M2+ocWX1uiK+yN1ru1/45RhIOF/9fFqr9AwTg2CHoeiUvSu82u\nhenAsFTijyT7p5qx89RZNyA0w9FMq2qNeKTd6qk9YNEN7ssIfAMfl5mzxAAPhb/D\nHsAePK0bpdhDZcNplpL3l315zI9VQIGN41blQhPAGyrhNSB/+Xydepiiv2mpUSck\nPxYja1XTdMKebBHtSRqa5vwFHLsduE8BB6Eqjh97hRVJSXXXQQ8uSbadIfXoTtQG\nSQOXONfRCHELhSjR8AxShtLtWxaXItYaF2AUg5VqkeGypGc6me+gYIHR1deJGk3k\n05OErvzQ0ghZ+kT+tt0mEx9j1vxg\n-----END PRIVATE KEY-----\n",
            "public_key_fingerprint_md5": "99:36:af:22:14:21:e0:6d:8b:5e:53:d8:25:13:cf:b3",
            "public_key_fingerprint_sha256": "SHA256:ZjqC6rp+aKWPMP+bHWM13iRG/By1giUXvP0p/iqRuG8",
            "public_key_openssh": "ssh-rsa AAAAB3NzaC1yc2EAAAADAQABAAACAQDYUuxcNI8TXZslEVDpUfS1SiyI4IQfCqdf9H3JZyouVU/DRyrUQVlbB6sJcPIo4eg0AB4qgJGRlERdO57bQhCPQH1J1iHy92RYQ6olyVRoU35IcNbCczRX3WdDgXJ705irIIGTHdw1WhBQ09ORLTYwrBHhLqYpFxqRKK+7ef2jFGMGpOKEpwqYBcUVJum0hUwWfa7C2FxorFkrZp/ituxkyecpQOqM/8kgKTht3mFgOppL5UFYk/HmVswGvako7KrItAtGNQgfnrnKTDY+axbdW4bkqvkeg6rqe2eoFPJfGEt7DaVhoko2SzngXczoLDQEmkvc2SGHTecwzHf3zjHWyOLcbAcb2NQrgSOxUutkWtOsJGBRoh9ISedpE+h8OEUpeK6bHM/eE24xMngJZmtMiCnaO+ycENOpDvTIIAixo3gOw6nF4KRSEoAmkLfBDEjiZj3NxLHLYnzXtVlu+OlUtvcppHG5mGrrFsZfvL6w4jAUWOhC9ECkLxvEqvrDPeSX433GZBTkAw/LJyceBjO3vx8lC4eQbHkCXna1YKnC94y28HhdSvB8OMorKe7VCTHHuosMuBWoalwUBwg2/FkMo4O1pb+sEV9VDHzUyU0OYLfrn1XI4rqvsPOJfHwfFAm36ESNW+nRUxpyvPrewszZ7ZXZfnRUwgWHFfjzkm9RgQ==\n",
            "public_key_pem": "-----BEGIN PUBLIC KEY-----\nMIICIjANBgkqhkiG9w0BAQEFAAOCAg8AMIICCgKCAgEA2FLsXDSPE12bJRFQ6VH0\ntUosiOCEHwqnX/R9yWcqLlVPw0cq1EFZWwerCXDyKOHoNAAeKoCRkZREXTue20IQ\nj0B9SdYh8vdkWEOqJclUaFN+SHDWwnM0V91nQ4Fye9OYqyCBkx3cNVoQUNPTkS02\nMKwR4S6mKRcakSivu3n9oxRjBqTihKcKmAXFFSbptIVMFn2uwthcaKxZK2af4rbs\nZMnnKUDqjP/JICk4bd5hYDqaS+VBWJPx5lbMBr2pKOyqyLQLRjUIH565ykw2PmsW\n3VuG5Kr5HoOq6ntnqBTyXxhLew2lYaJKNks54F3M6Cw0BJpL3Nkhh03nMMx3984x\n1sji3GwHG9jUK4EjsVLrZFrTrCRgUaIfSEnnaRPofDhFKXiumxzP3hNuMTJ4CWZr\nTIgp2jvsnBDTqQ70yCAIsaN4DsOpxeCkUhKAJpC3wQxI4mY9zcSxy2J817VZbvjp\nVLb3KaRxuZhq6xbGX7y+sOIwFFjoQvRApC8bxKr6wz3kl+N9xmQU5AMPyycnHgYz\nt78fJQuHkGx5Al52tWCpwveMtvB4XUrwfDjKKynu1Qkxx7qLDLgVqGpcFAcINvxZ\nDKODtaW/rBFfVQx81MlNDmC3659VyOK6r7DziXx8HxQJt+hEjVvp0VMacrz63sLM\n2e2V2X50VMIFhxX485JvUYECAwEAAQ==\n-----END PUBLIC KEY-----\n",
            "rsa_bits": 4096
          },
          "sensitive_attributes": []
        }
      ]
    }
  ],
  "check_results": null
}
